
Microsoft Visual Studio Solution File, Format Version 12.00
# Visual Studio 15
VisualStudioVersion = 15.0.28307.329
MinimumVisualStudioVersion = 10.0.40219.1
Project("{FAE04EC0-301F-11D3-BF4B-00C04F79EFBC}") = "MessageBoard_2.WebMVC", "MessageBoard_2.WebMVC\MessageBoard_2.WebMVC.csproj", "{8C75A81E-7C36-497F-8DF8-D2DF69BDBE4D}"
EndProject
Global
	GlobalSection(SolutionConfigurationPlatforms) = preSolution
		Debug|Any CPU = Debug|Any CPU
		Release|Any CPU = Release|Any CPU
	EndGlobalSection
	GlobalSection(ProjectConfigurationPlatforms) = postSolution
		{8C75A81E-7C36-497F-8DF8-D2DF69BDBE4D}.Debug|Any CPU.ActiveCfg = Debug|Any CPU
		{8C75A81E-7C36-497F-8DF8-D2DF69BDBE4D}.Debug|Any CPU.Build.0 = Debug|Any CPU
		{8C75A81E-7C36-497F-8DF8-D2DF69BDBE4D}.Release|Any CPU.ActiveCfg = Release|Any CPU
		{8C75A81E-7C36-497F-8DF8-D2DF69BDBE4D}.Release|Any CPU.Build.0 = Release|Any CPU
	EndGlobalSection
	GlobalSection(SolutionProperties) = preSolution
		HideSolutionNode = FALSE
	EndGlobalSection
	GlobalSection(ExtensibilityGlobals) = postSolution
		SolutionGuid = {2BFBB7CD-3F0A-461C-8B22-B2AC18931AE1}
	EndGlobalSection
EndGlobal
